
Microsoft Visual Studio Solution File, Format Version 12.00
# Visual Studio Version 17
VisualStudioVersion = 17.10.34916.146
MinimumVisualStudioVersion = 10.0.40219.1
Project("{888888A0-9F3D-457C-B088-3A5042F75D52}") = "PyGLM test", "PyGLM test.pyproj", "{4DB02B00-448E-49AC-BBDE-4E06AA14F15D}"
EndProject
Project("{8BC9CEB8-8B4A-11D0-8D11-00A0C91BC942}") = "PyGLM build", "..\PyGLM build\PyGLM build.vcxproj", "{9908A257-6824-4543-B7E4-ACFD9F40AD85}"
EndProject
Global
	GlobalSection(SolutionConfigurationPlatforms) = preSolution
		Debug|Any CPU = Debug|Any CPU
		Debug|x64 = Debug|x64
		Debug|x86 = Debug|x86
		Release|Any CPU = Release|Any CPU
		Release|x64 = Release|x64
		Release|x86 = Release|x86
	EndGlobalSection
	GlobalSection(ProjectConfigurationPlatforms) = postSolution
		{4DB02B00-448E-49AC-BBDE-4E06AA14F15D}.Debug|Any CPU.ActiveCfg = Debug|Any CPU
		{4DB02B00-448E-49AC-BBDE-4E06AA14F15D}.Debug|x64.ActiveCfg = Debug|Any CPU
		{4DB02B00-448E-49AC-BBDE-4E06AA14F15D}.Debug|x86.ActiveCfg = Debug|Any CPU
		{4DB02B00-448E-49AC-BBDE-4E06AA14F15D}.Release|Any CPU.ActiveCfg = Release|Any CPU
		{4DB02B00-448E-49AC-BBDE-4E06AA14F15D}.Release|x64.ActiveCfg = Release|Any CPU
		{4DB02B00-448E-49AC-BBDE-4E06AA14F15D}.Release|x86.ActiveCfg = Release|Any CPU
		{9908A257-6824-4543-B7E4-ACFD9F40AD85}.Debug|Any CPU.ActiveCfg = Debug|x64
		{9908A257-6824-4543-B7E4-ACFD9F40AD85}.Debug|Any CPU.Build.0 = Debug|x64
		{9908A257-6824-4543-B7E4-ACFD9F40AD85}.Debug|x64.ActiveCfg = Debug|x64
		{9908A257-6824-4543-B7E4-ACFD9F40AD85}.Debug|x64.Build.0 = Debug|x64
		{9908A257-6824-4543-B7E4-ACFD9F40AD85}.Debug|x86.ActiveCfg = Debug|Win32
		{9908A257-6824-4543-B7E4-ACFD9F40AD85}.Debug|x86.Build.0 = Debug|Win32
		{9908A257-6824-4543-B7E4-ACFD9F40AD85}.Release|Any CPU.ActiveCfg = Release|x64
		{9908A257-6824-4543-B7E4-ACFD9F40AD85}.Release|Any CPU.Build.0 = Release|x64
		{9908A257-6824-4543-B7E4-ACFD9F40AD85}.Release|x64.ActiveCfg = Release|x64
		{9908A257-6824-4543-B7E4-ACFD9F40AD85}.Release|x64.Build.0 = Release|x64
		{9908A257-6824-4543-B7E4-ACFD9F40AD85}.Release|x86.ActiveCfg = Release|Win32
		{9908A257-6824-4543-B7E4-ACFD9F40AD85}.Release|x86.Build.0 = Release|Win32
	EndGlobalSection
	GlobalSection(SolutionProperties) = preSolution
		HideSolutionNode = FALSE
	EndGlobalSection
	GlobalSection(ExtensibilityGlobals) = postSolution
		SolutionGuid = {2372BA11-12FC-4113-9F11-16049FC0C8C4}
	EndGlobalSection
EndGlobal
